<?xml version="1.0" encoding="utf-8"?>
<Project ToolsVersion="4.0" xmlns="http://schemas.microsoft.com/developer/msbuild/2003">
  <ItemGroup>
    <Filter Include="Source Files">
      <UniqueIdentifier>{4FC737F1-C7A5-4376-A066-2A32D752A2FF}</UniqueIdentifier>
      <Extensions>cpp;c;cc;cxx;c++;cppm;ixx;def;odl;idl;hpj;bat;asm;asmx</Extensions>
    </Filter>
    <Filter Include="Header Files">
      <UniqueIdentifier>{93995380-89BD-4b04-88EB-625FBE52EBFB}</UniqueIdentifier>
      <Extensions>h;hh;hpp;hxx;h++;hm;inl;inc;ipp;xsd</Extensions>
    </Filter>
    <Filter Include="Resource Files">
      <UniqueIdentifier>{67DA6AB6-F800-4c08-8B7A-83BB121AAD01}</UniqueIdentifier>
      <Extensions>rc;ico;cur;bmp;dlg;rc2;rct;bin;rgs;gif;jpg;jpeg;jpe;resx;tiff;tif;png;wav;mfcribbon-ms</Extensions>
    </Filter>
  </ItemGroup>
  <ItemGroup>
    <ClCompile Include="src\main.cpp">
      <Filter>Source Files</Filter>
    </ClCompile>
    <ClCompile Include="src\ModelViewController.cpp">
      <Filter>Source Files</Filter>
    </ClCompile>
    <ClCompile Include="src\Options.cpp">
      <Filter>Source Files</Filter>
    </ClCompile>
    <ClCompile Include="src\RayTracer.cpp">
      <Filter>Source Files</Filter>
    </ClCompile>
    <ClCompile Include="src\SceneList.cpp">
      <Filter>Source Files</Filter>
    </ClCompile>
    <ClCompile Include="src\UserInterface.cpp">
      <Filter>Source Files</Filter>
    </ClCompile>
    <ClCompile Include="src\VulKan\RayTracing\AccelerationStructure.cpp">
      <Filter>Source Files</Filter>
    </ClCompile>
    <ClCompile Include="src\VulKan\RayTracing\Application.cpp">
      <Filter>Source Files</Filter>
    </ClCompile>
    <ClCompile Include="src\VulKan\RayTracing\BottomLevelAccelerationStructure.cpp">
      <Filter>Source Files</Filter>
    </ClCompile>
    <ClCompile Include="src\VulKan\RayTracing\DeviceProcedures.cpp">
      <Filter>Source Files</Filter>
    </ClCompile>
    <ClCompile Include="src\VulKan\RayTracing\RayTracingPipeline.cpp">
      <Filter>Source Files</Filter>
    </ClCompile>
    <ClCompile Include="src\VulKan\RayTracing\RayTracingProperties.cpp">
      <Filter>Source Files</Filter>
    </ClCompile>
    <ClCompile Include="src\VulKan\RayTracing\ShaderBindingTable.cpp">
      <Filter>Source Files</Filter>
    </ClCompile>
    <ClCompile Include="src\VulKan\RayTracing\TopLevelAccelerationStructure.cpp">
      <Filter>Source Files</Filter>
    </ClCompile>
    <ClCompile Include="src\VulKan\Buffer.cpp">
      <Filter>Source Files</Filter>
    </ClCompile>
    <ClCompile Include="src\VulKan\CommandBuffers.cpp">
      <Filter>Source Files</Filter>
    </ClCompile>
    <ClCompile Include="src\VulKan\CommandPool.cpp">
      <Filter>Source Files</Filter>
    </ClCompile>
    <ClCompile Include="src\VulKan\DebugUtils.cpp">
      <Filter>Source Files</Filter>
    </ClCompile>
    <ClCompile Include="src\VulKan\DebugUtilsMessenger.cpp">
      <Filter>Source Files</Filter>
    </ClCompile>
    <ClCompile Include="src\VulKan\DepthBuffer.cpp">
      <Filter>Source Files</Filter>
    </ClCompile>
    <ClCompile Include="src\VulKan\DescriptorPool.cpp">
      <Filter>Source Files</Filter>
    </ClCompile>
    <ClCompile Include="src\VulKan\DescriptorSetLayout.cpp">
      <Filter>Source Files</Filter>
    </ClCompile>
    <ClCompile Include="src\VulKan\DescriptorSetManager.cpp">
      <Filter>Source Files</Filter>
    </ClCompile>
    <ClCompile Include="src\VulKan\DescriptorSets.cpp">
      <Filter>Source Files</Filter>
    </ClCompile>
    <ClCompile Include="src\VulKan\Device.cpp">
      <Filter>Source Files</Filter>
    </ClCompile>
    <ClCompile Include="src\VulKan\DeviceMemory.cpp">
      <Filter>Source Files</Filter>
    </ClCompile>
    <ClCompile Include="src\VulKan\Fence.cpp">
      <Filter>Source Files</Filter>
    </ClCompile>
    <ClCompile Include="src\VulKan\FrameBuffer.cpp">
      <Filter>Source Files</Filter>
    </ClCompile>
    <ClCompile Include="src\VulKan\GraphicsPipeline.cpp">
      <Filter>Source Files</Filter>
    </ClCompile>
    <ClCompile Include="src\VulKan\Image.cpp">
      <Filter>Source Files</Filter>
    </ClCompile>
    <ClCompile Include="src\VulKan\ImageView.cpp">
      <Filter>Source Files</Filter>
    </ClCompile>
    <ClCompile Include="src\VulKan\Instance.cpp">
      <Filter>Source Files</Filter>
    </ClCompile>
    <ClCompile Include="src\VulKan\PipelineLayout.cpp">
      <Filter>Source Files</Filter>
    </ClCompile>
    <ClCompile Include="src\VulKan\RenderPass.cpp">
      <Filter>Source Files</Filter>
    </ClCompile>
    <ClCompile Include="src\VulKan\Sampler.cpp">
      <Filter>Source Files</Filter>
    </ClCompile>
    <ClCompile Include="src\VulKan\Semaphore.cpp">
      <Filter>Source Files</Filter>
    </ClCompile>
    <ClCompile Include="src\VulKan\ShaderModule.cpp">
      <Filter>Source Files</Filter>
    </ClCompile>
    <ClCompile Include="src\VulKan\Strings.cpp">
      <Filter>Source Files</Filter>
    </ClCompile>
    <ClCompile Include="src\VulKan\Surface.cpp">
      <Filter>Source Files</Filter>
    </ClCompile>
    <ClCompile Include="src\VulKan\SwapChain.cpp">
      <Filter>Source Files</Filter>
    </ClCompile>
    <ClCompile Include="src\VulKan\Window.cpp">
      <Filter>Source Files</Filter>
    </ClCompile>
    <ClCompile Include="src\Assets\CornellBox.cpp">
      <Filter>Source Files</Filter>
    </ClCompile>
    <ClCompile Include="src\Assets\Scene.cpp">
      <Filter>Source Files</Filter>
    </ClCompile>
    <ClCompile Include="src\Assets\Texture.cpp">
      <Filter>Source Files</Filter>
    </ClCompile>
    <ClCompile Include="src\Assets\TextureImage.cpp">
      <Filter>Source Files</Filter>
    </ClCompile>
    <ClCompile Include="src\Assets\UniformBuffer.cpp">
      <Filter>Source Files</Filter>
    </ClCompile>
    <ClCompile Include="src\Assets\Model.cpp">
      <Filter>Source Files</Filter>
    </ClCompile>
    <ClCompile Include="src\Utilities\Console.cpp">
      <Filter>Source Files</Filter>
    </ClCompile>
    <ClCompile Include="src\Utilities\StbImage.cpp">
      <Filter>Source Files</Filter>
    </ClCompile>
    <ClCompile Include="src\VulKan\RayTracing\BottomLevelGeometry.cpp">
      <Filter>Source Files</Filter>
    </ClCompile>
    <ClCompile Include="src\VulKan\Vulkan.cpp">
      <Filter>Source Files</Filter>
    </ClCompile>
    <ClCompile Include="src\imgui\imgui.cpp">
      <Filter>Source Files</Filter>
    </ClCompile>
    <ClCompile Include="src\imgui\imgui_draw.cpp">
      <Filter>Source Files</Filter>
    </ClCompile>
    <ClCompile Include="src\imgui\imgui_tables.cpp">
      <Filter>Source Files</Filter>
    </ClCompile>
    <ClCompile Include="src\imgui\imgui_widgets.cpp">
      <Filter>Source Files</Filter>
    </ClCompile>
    <ClCompile Include="src\imgui\imgui_demo.cpp">
      <Filter>Source Files</Filter>
    </ClCompile>
    <ClCompile Include="src\imgui\imgui_impl_glfw.cpp">
      <Filter>Source Files</Filter>
    </ClCompile>
    <ClCompile Include="src\imgui\imgui_impl_vulkan.cpp">
      <Filter>Source Files</Filter>
    </ClCompile>
    <ClCompile Include="src\Assets\tiny_obj_loader.cc">
      <Filter>Source Files</Filter>
    </ClCompile>
    <ClCompile Include="src\VulKan\ApplicationVulkan.cpp">
      <Filter>Source Files</Filter>
    </ClCompile>
  </ItemGroup>
  <ItemGroup>
    <ClInclude Include="src\UserSettings.hpp">
      <Filter>Header Files</Filter>
    </ClInclude>
    <ClInclude Include="src\VulKan\RayTracing\AccelerationStructure.h">
      <Filter>Header Files</Filter>
    </ClInclude>
    <ClInclude Include="src\VulKan\BufferUtil.hpp">
      <Filter>Header Files</Filter>
    </ClInclude>
    <ClInclude Include="src\VulKan\Enumerate.hpp">
      <Filter>Header Files</Filter>
    </ClInclude>
    <ClInclude Include="src\VulKan\ImageMemoryBarrier.hpp">
      <Filter>Header Files</Filter>
    </ClInclude>
    <ClInclude Include="src\VulKan\SingleTimeCommands.hpp">
      <Filter>Header Files</Filter>
    </ClInclude>
    <ClInclude Include="src\VulKan\WindowConfig.hpp">
      <Filter>Header Files</Filter>
    </ClInclude>
    <ClInclude Include="src\Assets\Vertex.hpp">
      <Filter>Header Files</Filter>
    </ClInclude>
    <ClInclude Include="src\Assets\Procedural.hpp">
      <Filter>Header Files</Filter>
    </ClInclude>
    <ClInclude Include="src\Assets\Sphere.hpp">
      <Filter>Header Files</Filter>
    </ClInclude>
    <ClInclude Include="src\Assets\CornellBox.hpp">
      <Filter>Header Files</Filter>
    </ClInclude>
    <ClInclude Include="src\Assets\Material.hpp">
      <Filter>Header Files</Filter>
    </ClInclude>
    <ClInclude Include="src\Assets\Model.hpp">
      <Filter>Header Files</Filter>
    </ClInclude>
    <ClInclude Include="src\Assets\Scene.hpp">
      <Filter>Header Files</Filter>
    </ClInclude>
    <ClInclude Include="src\Assets\Texture.hpp">
      <Filter>Header Files</Filter>
    </ClInclude>
    <ClInclude Include="src\Assets\TextureImage.hpp">
      <Filter>Header Files</Filter>
    </ClInclude>
    <ClInclude Include="src\Assets\UniformBuffer.hpp">
      <Filter>Header Files</Filter>
    </ClInclude>
    <ClInclude Include="src\ModelViewController.hpp">
      <Filter>Header Files</Filter>
    </ClInclude>
    <ClInclude Include="src\Options.hpp">
      <Filter>Header Files</Filter>
    </ClInclude>
    <ClInclude Include="src\RayTracer.hpp">
      <Filter>Header Files</Filter>
    </ClInclude>
    <ClInclude Include="src\SceneList.hpp">
      <Filter>Header Files</Filter>
    </ClInclude>
    <ClInclude Include="src\UserInterface.hpp">
      <Filter>Header Files</Filter>
    </ClInclude>
    <ClInclude Include="src\Utilities\Console.hpp">
      <Filter>Header Files</Filter>
    </ClInclude>
    <ClInclude Include="src\Utilities\Exception.hpp">
      <Filter>Header Files</Filter>
    </ClInclude>
    <ClInclude Include="src\Utilities\Glm.hpp">
      <Filter>Header Files</Filter>
    </ClInclude>
    <ClInclude Include="src\Utilities\StbImage.hpp">
      <Filter>Header Files</Filter>
    </ClInclude>
    <ClInclude Include="src\VulKan\ApplicationVulkan.hpp">
      <Filter>Header Files</Filter>
    </ClInclude>
    <ClInclude Include="src\VulKan\Buffer.hpp">
      <Filter>Header Files</Filter>
    </ClInclude>
    <ClInclude Include="src\VulKan\CommandBuffers.hpp">
      <Filter>Header Files</Filter>
    </ClInclude>
    <ClInclude Include="src\VulKan\CommandPool.hpp">
      <Filter>Header Files</Filter>
    </ClInclude>
    <ClInclude Include="src\VulKan\DebugUtils.hpp">
      <Filter>Header Files</Filter>
    </ClInclude>
    <ClInclude Include="src\VulKan\DebugUtilsMessenger.hpp">
      <Filter>Header Files</Filter>
    </ClInclude>
    <ClInclude Include="src\VulKan\DepthBuffer.hpp">
      <Filter>Header Files</Filter>
    </ClInclude>
    <ClInclude Include="src\VulKan\DescriptorBinding.hpp">
      <Filter>Header Files</Filter>
    </ClInclude>
    <ClInclude Include="src\VulKan\DescriptorPool.hpp">
      <Filter>Header Files</Filter>
    </ClInclude>
    <ClInclude Include="src\VulKan\DescriptorSetLayout.hpp">
      <Filter>Header Files</Filter>
    </ClInclude>
    <ClInclude Include="src\VulKan\DescriptorSetManager.hpp">
      <Filter>Header Files</Filter>
    </ClInclude>
    <ClInclude Include="src\VulKan\DescriptorSets.hpp">
      <Filter>Header Files</Filter>
    </ClInclude>
    <ClInclude Include="src\VulKan\Device.hpp">
      <Filter>Header Files</Filter>
    </ClInclude>
    <ClInclude Include="src\VulKan\DeviceMemory.hpp">
      <Filter>Header Files</Filter>
    </ClInclude>
    <ClInclude Include="src\VulKan\Fence.hpp">
      <Filter>Header Files</Filter>
    </ClInclude>
    <ClInclude Include="src\VulKan\FrameBuffer.hpp">
      <Filter>Header Files</Filter>
    </ClInclude>
    <ClInclude Include="src\VulKan\GraphicsPipeline.hpp">
      <Filter>Header Files</Filter>
    </ClInclude>
    <ClInclude Include="src\VulKan\Image.hpp">
      <Filter>Header Files</Filter>
    </ClInclude>
    <ClInclude Include="src\VulKan\ImageView.hpp">
      <Filter>Header Files</Filter>
    </ClInclude>
    <ClInclude Include="src\VulKan\Instance.hpp">
      <Filter>Header Files</Filter>
    </ClInclude>
    <ClInclude Include="src\VulKan\PipelineLayout.hpp">
      <Filter>Header Files</Filter>
    </ClInclude>
    <ClInclude Include="src\VulKan\RayTracing\AccelerationStructure.hpp">
      <Filter>Header Files</Filter>
    </ClInclude>
    <ClInclude Include="src\VulKan\RayTracing\Application.hpp">
      <Filter>Header Files</Filter>
    </ClInclude>
    <ClInclude Include="src\VulKan\RayTracing\BottomLevelAccelerationStructure.hpp">
      <Filter>Header Files</Filter>
    </ClInclude>
    <ClInclude Include="src\VulKan\RayTracing\BottomLevelGeometry.hpp">
      <Filter>Header Files</Filter>
    </ClInclude>
    <ClInclude Include="src\VulKan\RayTracing\DeviceProcedures.hpp">
      <Filter>Header Files</Filter>
    </ClInclude>
    <ClInclude Include="src\VulKan\RayTracing\RayTracingPipeline.hpp">
      <Filter>Header Files</Filter>
    </ClInclude>
    <ClInclude Include="src\VulKan\RayTracing\RayTracingProperties.hpp">
      <Filter>Header Files</Filter>
    </ClInclude>
    <ClInclude Include="src\VulKan\RayTracing\ShaderBindingTable.hpp">
      <Filter>Header Files</Filter>
    </ClInclude>
    <ClInclude Include="src\VulKan\RayTracing\TopLevelAccelerationStructure.hpp">
      <Filter>Header Files</Filter>
    </ClInclude>
    <ClInclude Include="src\VulKan\RenderPass.hpp">
      <Filter>Header Files</Filter>
    </ClInclude>
    <ClInclude Include="src\VulKan\Sampler.hpp">
      <Filter>Header Files</Filter>
    </ClInclude>
    <ClInclude Include="src\VulKan\Semaphore.hpp">
      <Filter>Header Files</Filter>
    </ClInclude>
    <ClInclude Include="src\VulKan\ShaderModule.hpp">
      <Filter>Header Files</Filter>
    </ClInclude>
    <ClInclude Include="src\VulKan\Strings.hpp">
      <Filter>Header Files</Filter>
    </ClInclude>
    <ClInclude Include="src\VulKan\Surface.hpp">
      <Filter>Header Files</Filter>
    </ClInclude>
    <ClInclude Include="src\VulKan\SwapChain.hpp">
      <Filter>Header Files</Filter>
    </ClInclude>
    <ClInclude Include="src\VulKan\Version.hpp">
      <Filter>Header Files</Filter>
    </ClInclude>
    <ClInclude Include="src\VulKan\Vulkan.hpp">
      <Filter>Header Files</Filter>
    </ClInclude>
    <ClInclude Include="src\VulKan\Window.hpp">
      <Filter>Header Files</Filter>
    </ClInclude>
    <ClInclude Include="src\imgui\imgui.h">
      <Filter>Header Files</Filter>
    </ClInclude>
    <ClInclude Include="src\imgui\imconfig.h">
      <Filter>Header Files</Filter>
    </ClInclude>
    <ClInclude Include="src\imgui\imgui_internal.h">
      <Filter>Header Files</Filter>
    </ClInclude>
    <ClInclude Include="src\imgui\imstb_rectpack.h">
      <Filter>Header Files</Filter>
    </ClInclude>
    <ClInclude Include="src\imgui\imstb_textedit.h">
      <Filter>Header Files</Filter>
    </ClInclude>
    <ClInclude Include="src\imgui\imstb_truetype.h">
      <Filter>Header Files</Filter>
    </ClInclude>
    <ClInclude Include="src\imgui\imgui_impl_glfw.h">
      <Filter>Header Files</Filter>
    </ClInclude>
    <ClInclude Include="src\imgui\imgui_impl_vulkan.h">
      <Filter>Header Files</Filter>
    </ClInclude>
    <ClInclude Include="src\Assets\tiny_obj_loader.h">
      <Filter>Header Files</Filter>
    </ClInclude>
  </ItemGroup>
  <ItemGroup>
    <Image Include="src\textures\2k_mars.jpg">
      <Filter>Resource Files</Filter>
    </Image>
    <Image Include="src\textures\2k_moon.jpg">
      <Filter>Resource Files</Filter>
    </Image>
    <Image Include="src\textures\land_ocean_ice_cloud_2048.png">
      <Filter>Resource Files</Filter>
    </Image>
    <Image Include="src\textures\Vulkan.png">
      <Filter>Resource Files</Filter>
    </Image>
    <Image Include="src\textures\white.png">
      <Filter>Resource Files</Filter>
    </Image>
    <Image Include="src\VulKan\Vulkan.png">
      <Filter>Resource Files</Filter>
    </Image>
  </ItemGroup>
  <ItemGroup>
    <Font Include="src\fonts\Cousine-Regular.ttf" />
  </ItemGroup>
  <ItemGroup>
    <None Include="src\models\cube.mtl" />
    <None Include="src\models\cube_multi.mtl" />
    <None Include="src\shaders\Graphics.frag" />
    <None Include="src\shaders\Graphics.vert" />
    <None Include="src\shaders\Heatmap.glsl" />
    <None Include="src\shaders\Material.glsl" />
    <None Include="src\shaders\ProceduralHit.glsl" />
    <None Include="src\shaders\Random.glsl" />
    <None Include="src\shaders\RayPayload.glsl" />
    <None Include="src\shaders\RayTracing.Procedural.rchit" />
    <None Include="src\shaders\RayTracing.Procedural.rint" />
    <None Include="src\shaders\RayTracing.rchit" />
    <None Include="src\shaders\RayTracing.rgen" />
    <None Include="src\shaders\RayTracing.rmiss" />
    <None Include="src\shaders\Scatter.glsl" />
    <None Include="src\shaders\UniformBufferObject.glsl" />
    <None Include="src\shaders\Vertex.glsl" />
    <None Include="src\imgui\examples\example_glfw_wgpu\web\index.html" />
    <None Include="src\imgui\examples\libs\emscripten\shell_minimal.html" />
    <None Include="src\shaders\Graphics.frag.spv" />
    <None Include="src\shaders\Graphics.vert.spv" />
    <None Include="src\shaders\RayTracing.rchit.spv" />
    <None Include="src\shaders\RayTracing.rgen.spv" />
    <None Include="src\shaders\RayTracing.rmiss.spv" />
    <None Include="src\shaders\RayTracing.Procedural.rchit.spv" />
    <None Include="src\shaders\RayTracing.Procedural.rint.spv" />
  </ItemGroup>
  <ItemGroup>
    <Text Include="src\textures\LICENSE.txt" />
  </ItemGroup>
</Project>