<?xml version="1.0" encoding="utf-8"?>
<Project ToolsVersion="4.0" xmlns="http://schemas.microsoft.com/developer/msbuild/2003">
  <ItemGroup>
    <Filter Include="Source Files">
      <UniqueIdentifier>{4FC737F1-C7A5-4376-A066-2A32D752A2FF}</UniqueIdentifier>
      <Extensions>cpp;c;cc;cxx;c++;cppm;ixx;def;odl;idl;hpj;bat;asm;asmx</Extensions>
    </Filter>
    <Filter Include="Header Files">
      <UniqueIdentifier>{93995380-89BD-4b04-88EB-625FBE52EBFB}</UniqueIdentifier>
      <Extensions>h;hh;hpp;hxx;h++;hm;inl;inc;ipp;xsd</Extensions>
    </Filter>
    <Filter Include="Resource Files">
      <UniqueIdentifier>{67DA6AB6-F800-4c08-8B7A-83BB121AAD01}</UniqueIdentifier>
      <Extensions>rc;ico;cur;bmp;dlg;rc2;rct;bin;rgs;gif;jpg;jpeg;jpe;resx;tiff;tif;png;wav;mfcribbon-ms</Extensions>
    </Filter>
  </ItemGroup>
  <ItemGroup>
    <ClCompile Include="src\main.cpp">
      <Filter>Source Files</Filter>
    </ClCompile>
    <ClCompile Include="src\ModelViewController.cpp">
      <Filter>Source Files</Filter>
    </ClCompile>
    <ClCompile Include="src\Options.cpp">
      <Filter>Source Files</Filter>
    </ClCompile>
    <ClCompile Include="src\RayTracer.cpp">
      <Filter>Source Files</Filter>
    </ClCompile>
    <ClCompile Include="src\SceneList.cpp">
      <Filter>Source Files</Filter>
    </ClCompile>
    <ClCompile Include="src\UserInterface.cpp">
      <Filter>Source Files</Filter>
    </ClCompile>
    <ClCompile Include="src\VulKan\RayTracing\AccelerationStructure.cpp">
      <Filter>Source Files</Filter>
    </ClCompile>
    <ClCompile Include="src\VulKan\RayTracing\Application.cpp">
      <Filter>Source Files</Filter>
    </ClCompile>
    <ClCompile Include="src\VulKan\RayTracing\BottomLevelAccelerationStructure.cpp">
      <Filter>Source Files</Filter>
    </ClCompile>
    <ClCompile Include="src\VulKan\RayTracing\DeviceProcedures.cpp">
      <Filter>Source Files</Filter>
    </ClCompile>
    <ClCompile Include="src\VulKan\RayTracing\RayTracingPipeline.cpp">
      <Filter>Source Files</Filter>
    </ClCompile>
    <ClCompile Include="src\VulKan\RayTracing\RayTracingProperties.cpp">
      <Filter>Source Files</Filter>
    </ClCompile>
    <ClCompile Include="src\VulKan\RayTracing\ShaderBindingTable.cpp">
      <Filter>Source Files</Filter>
    </ClCompile>
    <ClCompile Include="src\VulKan\RayTracing\TopLevelAccelerationStructure.cpp">
      <Filter>Source Files</Filter>
    </ClCompile>
    <ClCompile Include="src\VulKan\Application.cpp">
      <Filter>Source Files</Filter>
    </ClCompile>
    <ClCompile Include="src\VulKan\Buffer.cpp">
      <Filter>Source Files</Filter>
    </ClCompile>
    <ClCompile Include="src\VulKan\CommandBuffers.cpp">
      <Filter>Source Files</Filter>
    </ClCompile>
    <ClCompile Include="src\VulKan\CommandPool.cpp">
      <Filter>Source Files</Filter>
    </ClCompile>
    <ClCompile Include="src\VulKan\DebugUtils.cpp">
      <Filter>Source Files</Filter>
    </ClCompile>
    <ClCompile Include="src\VulKan\DebugUtilsMessenger.cpp">
      <Filter>Source Files</Filter>
    </ClCompile>
    <ClCompile Include="src\VulKan\DepthBuffer.cpp">
      <Filter>Source Files</Filter>
    </ClCompile>
    <ClCompile Include="src\VulKan\DescriptorPool.cpp">
      <Filter>Source Files</Filter>
    </ClCompile>
    <ClCompile Include="src\VulKan\DescriptorSetLayout.cpp">
      <Filter>Source Files</Filter>
    </ClCompile>
    <ClCompile Include="src\VulKan\DescriptorSetManager.cpp">
      <Filter>Source Files</Filter>
    </ClCompile>
    <ClCompile Include="src\VulKan\DescriptorSets.cpp">
      <Filter>Source Files</Filter>
    </ClCompile>
    <ClCompile Include="src\VulKan\Device.cpp">
      <Filter>Source Files</Filter>
    </ClCompile>
    <ClCompile Include="src\VulKan\DeviceMemory.cpp">
      <Filter>Source Files</Filter>
    </ClCompile>
    <ClCompile Include="src\VulKan\Fence.cpp">
      <Filter>Source Files</Filter>
    </ClCompile>
    <ClCompile Include="src\VulKan\FrameBuffer.cpp">
      <Filter>Source Files</Filter>
    </ClCompile>
    <ClCompile Include="src\VulKan\GraphicsPipeline.cpp">
      <Filter>Source Files</Filter>
    </ClCompile>
    <ClCompile Include="src\VulKan\Image.cpp">
      <Filter>Source Files</Filter>
    </ClCompile>
    <ClCompile Include="src\VulKan\ImageView.cpp">
      <Filter>Source Files</Filter>
    </ClCompile>
    <ClCompile Include="src\VulKan\Instance.cpp">
      <Filter>Source Files</Filter>
    </ClCompile>
    <ClCompile Include="src\VulKan\PipelineLayout.cpp">
      <Filter>Source Files</Filter>
    </ClCompile>
    <ClCompile Include="src\VulKan\RenderPass.cpp">
      <Filter>Source Files</Filter>
    </ClCompile>
    <ClCompile Include="src\VulKan\Sampler.cpp">
      <Filter>Source Files</Filter>
    </ClCompile>
    <ClCompile Include="src\VulKan\Semaphore.cpp">
      <Filter>Source Files</Filter>
    </ClCompile>
    <ClCompile Include="src\VulKan\ShaderModule.cpp">
      <Filter>Source Files</Filter>
    </ClCompile>
    <ClCompile Include="src\VulKan\Strings.cpp">
      <Filter>Source Files</Filter>
    </ClCompile>
    <ClCompile Include="src\VulKan\Surface.cpp">
      <Filter>Source Files</Filter>
    </ClCompile>
    <ClCompile Include="src\VulKan\SwapChain.cpp">
      <Filter>Source Files</Filter>
    </ClCompile>
    <ClCompile Include="src\VulKan\Version.cpp">
      <Filter>Source Files</Filter>
    </ClCompile>
    <ClCompile Include="src\VulKan\Window.cpp">
      <Filter>Source Files</Filter>
    </ClCompile>
    <ClCompile Include="src\Assets\CornellBox.cpp">
      <Filter>Source Files</Filter>
    </ClCompile>
    <ClCompile Include="src\Assets\Material.cpp">
      <Filter>Source Files</Filter>
    </ClCompile>
    <ClCompile Include="src\Assets\Scene.cpp">
      <Filter>Source Files</Filter>
    </ClCompile>
    <ClCompile Include="src\Assets\Texture.cpp">
      <Filter>Source Files</Filter>
    </ClCompile>
    <ClCompile Include="src\Assets\TextureImage.cpp">
      <Filter>Source Files</Filter>
    </ClCompile>
    <ClCompile Include="src\Assets\UniformBuffer.cpp">
      <Filter>Source Files</Filter>
    </ClCompile>
  </ItemGroup>
  <ItemGroup>
    <ClInclude Include="src\ModelViewController.h">
      <Filter>Header Files</Filter>
    </ClInclude>
    <ClInclude Include="src\Options.h">
      <Filter>Header Files</Filter>
    </ClInclude>
    <ClInclude Include="src\RayTracer.h">
      <Filter>Header Files</Filter>
    </ClInclude>
    <ClInclude Include="src\SceneList.h">
      <Filter>Header Files</Filter>
    </ClInclude>
    <ClInclude Include="src\UserInterface.h">
      <Filter>Header Files</Filter>
    </ClInclude>
    <ClInclude Include="src\UserSettings.hpp">
      <Filter>Header Files</Filter>
    </ClInclude>
    <ClInclude Include="src\VulKan\RayTracing\AccelerationStructure.h">
      <Filter>Header Files</Filter>
    </ClInclude>
    <ClInclude Include="src\VulKan\RayTracing\Application.h">
      <Filter>Header Files</Filter>
    </ClInclude>
    <ClInclude Include="src\VulKan\RayTracing\BottomLevelAccelerationStructure.h">
      <Filter>Header Files</Filter>
    </ClInclude>
    <ClInclude Include="src\VulKan\RayTracing\DeviceProcedures.h">
      <Filter>Header Files</Filter>
    </ClInclude>
    <ClInclude Include="src\VulKan\RayTracing\RayTracingPipeline.h">
      <Filter>Header Files</Filter>
    </ClInclude>
    <ClInclude Include="src\VulKan\RayTracing\RayTracingProperties.h">
      <Filter>Header Files</Filter>
    </ClInclude>
    <ClInclude Include="src\VulKan\RayTracing\ShaderBindingTable.h">
      <Filter>Header Files</Filter>
    </ClInclude>
    <ClInclude Include="src\VulKan\RayTracing\TopLevelAccelerationStructure.h">
      <Filter>Header Files</Filter>
    </ClInclude>
    <ClInclude Include="src\VulKan\Application.h">
      <Filter>Header Files</Filter>
    </ClInclude>
    <ClInclude Include="src\VulKan\Buffer.h">
      <Filter>Header Files</Filter>
    </ClInclude>
    <ClInclude Include="src\VulKan\BufferUtil.hpp">
      <Filter>Header Files</Filter>
    </ClInclude>
    <ClInclude Include="src\VulKan\CommandBuffers.h">
      <Filter>Header Files</Filter>
    </ClInclude>
    <ClInclude Include="src\VulKan\CommandPool.h">
      <Filter>Header Files</Filter>
    </ClInclude>
    <ClInclude Include="src\VulKan\DebugUtils.h">
      <Filter>Header Files</Filter>
    </ClInclude>
    <ClInclude Include="src\VulKan\DebugUtilsMessenger.h">
      <Filter>Header Files</Filter>
    </ClInclude>
    <ClInclude Include="src\VulKan\DepthBuffer.h">
      <Filter>Header Files</Filter>
    </ClInclude>
    <ClInclude Include="src\VulKan\DescriptorBinding.h">
      <Filter>Header Files</Filter>
    </ClInclude>
    <ClInclude Include="src\VulKan\DescriptorPool.h">
      <Filter>Header Files</Filter>
    </ClInclude>
    <ClInclude Include="src\VulKan\DescriptorSetLayout.h">
      <Filter>Header Files</Filter>
    </ClInclude>
    <ClInclude Include="src\VulKan\DescriptorSetManager.h">
      <Filter>Header Files</Filter>
    </ClInclude>
    <ClInclude Include="src\VulKan\DescriptorSets.h">
      <Filter>Header Files</Filter>
    </ClInclude>
    <ClInclude Include="src\VulKan\Device.h">
      <Filter>Header Files</Filter>
    </ClInclude>
    <ClInclude Include="src\VulKan\DeviceMemory.h">
      <Filter>Header Files</Filter>
    </ClInclude>
    <ClInclude Include="src\VulKan\Enumerate.hpp">
      <Filter>Header Files</Filter>
    </ClInclude>
    <ClInclude Include="src\VulKan\Fence.h">
      <Filter>Header Files</Filter>
    </ClInclude>
    <ClInclude Include="src\VulKan\FrameBuffer.h">
      <Filter>Header Files</Filter>
    </ClInclude>
    <ClInclude Include="src\VulKan\GraphicsPipeline.h">
      <Filter>Header Files</Filter>
    </ClInclude>
    <ClInclude Include="src\VulKan\Image.h">
      <Filter>Header Files</Filter>
    </ClInclude>
    <ClInclude Include="src\VulKan\ImageMemoryBarrier.hpp">
      <Filter>Header Files</Filter>
    </ClInclude>
    <ClInclude Include="src\VulKan\ImageView.h">
      <Filter>Header Files</Filter>
    </ClInclude>
    <ClInclude Include="src\VulKan\Instance.h">
      <Filter>Header Files</Filter>
    </ClInclude>
    <ClInclude Include="src\VulKan\PipelineLayout.h">
      <Filter>Header Files</Filter>
    </ClInclude>
    <ClInclude Include="src\VulKan\RenderPass.h">
      <Filter>Header Files</Filter>
    </ClInclude>
    <ClInclude Include="src\VulKan\Sampler.h">
      <Filter>Header Files</Filter>
    </ClInclude>
    <ClInclude Include="src\VulKan\Semaphore.h">
      <Filter>Header Files</Filter>
    </ClInclude>
    <ClInclude Include="src\VulKan\ShaderModule.h">
      <Filter>Header Files</Filter>
    </ClInclude>
    <ClInclude Include="src\VulKan\Strings.h">
      <Filter>Header Files</Filter>
    </ClInclude>
    <ClInclude Include="src\VulKan\SingleTimeCommands.hpp">
      <Filter>Header Files</Filter>
    </ClInclude>
    <ClInclude Include="src\VulKan\Surface.h">
      <Filter>Header Files</Filter>
    </ClInclude>
    <ClInclude Include="src\VulKan\SwapChain.h">
      <Filter>Header Files</Filter>
    </ClInclude>
    <ClInclude Include="src\VulKan\Version.h">
      <Filter>Header Files</Filter>
    </ClInclude>
    <ClInclude Include="src\VulKan\Window.h">
      <Filter>Header Files</Filter>
    </ClInclude>
    <ClInclude Include="src\VulKan\WindowConfig.hpp">
      <Filter>Header Files</Filter>
    </ClInclude>
    <ClInclude Include="src\Assets\CornellBox.h">
      <Filter>Header Files</Filter>
    </ClInclude>
    <ClInclude Include="src\Assets\Material.h">
      <Filter>Header Files</Filter>
    </ClInclude>
    <ClInclude Include="src\Assets\Scene.h">
      <Filter>Header Files</Filter>
    </ClInclude>
    <ClInclude Include="src\Assets\Texture.h">
      <Filter>Header Files</Filter>
    </ClInclude>
    <ClInclude Include="src\Assets\TextureImage.h">
      <Filter>Header Files</Filter>
    </ClInclude>
    <ClInclude Include="src\Assets\UniformBuffer.h">
      <Filter>Header Files</Filter>
    </ClInclude>
    <ClInclude Include="src\Assets\Vertex.hpp">
      <Filter>Header Files</Filter>
    </ClInclude>
    <ClInclude Include="src\Assets\Procedural.hpp">
      <Filter>Header Files</Filter>
    </ClInclude>
    <ClInclude Include="src\Assets\Sphere.hpp">
      <Filter>Header Files</Filter>
    </ClInclude>
  </ItemGroup>
</Project>